// !$*UTF8*$!
{
	archiveVersion = 1;
	classes = {
	};
	objectVersion = 56;
	objects = {

/* Begin PBXBuildFile section */
		2B3FDDF529D2AC520009D9C3 /* KeychainAccess in Frameworks */ = {isa = PBXBuildFile; productRef = 2B3FDDF429D2AC520009D9C3 /* KeychainAccess */; };
		2B5B637D29BEB408009C2F5E /* PostsViewModel.swift in Sources */ = {isa = PBXBuildFile; fileRef = 2B5B637C29BEB408009C2F5E /* PostsViewModel.swift */; };
		2B5B638029BEBE5C009C2F5E /* PostsRepository.swift in Sources */ = {isa = PBXBuildFile; fileRef = 2B5B637F29BEBE5C009C2F5E /* PostsRepository.swift */; };
		2B5B638529C03AED009C2F5E /* LandingPage.swift in Sources */ = {isa = PBXBuildFile; fileRef = 2B5B638429C03AED009C2F5E /* LandingPage.swift */; };
		2B5B638829C24E18009C2F5E /* AppColor.swift in Sources */ = {isa = PBXBuildFile; fileRef = 2B5B638729C24E18009C2F5E /* AppColor.swift */; };
		2B5B638A29C26915009C2F5E /* SignUp.swift in Sources */ = {isa = PBXBuildFile; fileRef = 2B5B638929C26915009C2F5E /* SignUp.swift */; };
		2B5B638C29C27749009C2F5E /* User.swift in Sources */ = {isa = PBXBuildFile; fileRef = 2B5B638B29C27749009C2F5E /* User.swift */; };
		2B75268829CD7A030058C2F3 /* Home.swift in Sources */ = {isa = PBXBuildFile; fileRef = 2B75268729CD7A020058C2F3 /* Home.swift */; };
		2BBC7F9429C942DF00D2ADCC /* UsersViewModel.swift in Sources */ = {isa = PBXBuildFile; fileRef = 2BBC7F9329C942DF00D2ADCC /* UsersViewModel.swift */; };
		2BBC7F9929C9506200D2ADCC /* UsersRepository.swift in Sources */ = {isa = PBXBuildFile; fileRef = 2BBC7F9829C9506200D2ADCC /* UsersRepository.swift */; };
		2BBC7F9C29C976C100D2ADCC /* Fetch.swift in Sources */ = {isa = PBXBuildFile; fileRef = 2BBC7F9B29C976C100D2ADCC /* Fetch.swift */; };
		2BBC7FA129CACDD300D2ADCC /* AuthService.swift in Sources */ = {isa = PBXBuildFile; fileRef = 2BBC7FA029CACDD300D2ADCC /* AuthService.swift */; };
		2BBC7FA329CC213E00D2ADCC /* AuthViewModel.swift in Sources */ = {isa = PBXBuildFile; fileRef = 2BBC7FA229CC213E00D2ADCC /* AuthViewModel.swift */; };
		2BBC7FA729CCF68800D2ADCC /* SignIn.swift in Sources */ = {isa = PBXBuildFile; fileRef = 2BBC7FA629CCF68800D2ADCC /* SignIn.swift */; };
		2BFFB7B029B90F11006495E0 /* MyPlaceApp.swift in Sources */ = {isa = PBXBuildFile; fileRef = 2BFFB7AF29B90F11006495E0 /* MyPlaceApp.swift */; };
		2BFFB7B429B90F13006495E0 /* Assets.xcassets in Resources */ = {isa = PBXBuildFile; fileRef = 2BFFB7B329B90F13006495E0 /* Assets.xcassets */; };
		2BFFB7B729B90F13006495E0 /* Preview Assets.xcassets in Resources */ = {isa = PBXBuildFile; fileRef = 2BFFB7B629B90F13006495E0 /* Preview Assets.xcassets */; };
		2BFFB7C129B90F13006495E0 /* MyPlaceTests.swift in Sources */ = {isa = PBXBuildFile; fileRef = 2BFFB7C029B90F13006495E0 /* MyPlaceTests.swift */; };
		2BFFB7CB29B90F13006495E0 /* MyPlaceUITests.swift in Sources */ = {isa = PBXBuildFile; fileRef = 2BFFB7CA29B90F13006495E0 /* MyPlaceUITests.swift */; };
		2BFFB7CD29B90F13006495E0 /* MyPlaceUITestsLaunchTests.swift in Sources */ = {isa = PBXBuildFile; fileRef = 2BFFB7CC29B90F13006495E0 /* MyPlaceUITestsLaunchTests.swift */; };
		2BFFB7DD29BBFF1D006495E0 /* Post.swift in Sources */ = {isa = PBXBuildFile; fileRef = 2BFFB7DC29BBFF1D006495E0 /* Post.swift */; };
		2BFFB7DF29BC013F006495E0 /* Posts.swift in Sources */ = {isa = PBXBuildFile; fileRef = 2BFFB7DE29BC013F006495E0 /* Posts.swift */; };
		2BFFB7E129BC04F1006495E0 /* PostCard.swift in Sources */ = {isa = PBXBuildFile; fileRef = 2BFFB7E029BC04F0006495E0 /* PostCard.swift */; };
		2BFFB7E529BD24BC006495E0 /* NewPostForm.swift in Sources */ = {isa = PBXBuildFile; fileRef = 2BFFB7E429BD24BC006495E0 /* NewPostForm.swift */; };
/* End PBXBuildFile section */

/* Begin PBXContainerItemProxy section */
		2BFFB7BD29B90F13006495E0 /* PBXContainerItemProxy */ = {
			isa = PBXContainerItemProxy;
			containerPortal = 2BFFB7A429B90F11006495E0 /* Project object */;
			proxyType = 1;
			remoteGlobalIDString = 2BFFB7AB29B90F11006495E0;
			remoteInfo = MyPlace;
		};
		2BFFB7C729B90F13006495E0 /* PBXContainerItemProxy */ = {
			isa = PBXContainerItemProxy;
			containerPortal = 2BFFB7A429B90F11006495E0 /* Project object */;
			proxyType = 1;
			remoteGlobalIDString = 2BFFB7AB29B90F11006495E0;
			remoteInfo = MyPlace;
		};
/* End PBXContainerItemProxy section */

/* Begin PBXFileReference section */
		2B5B637C29BEB408009C2F5E /* PostsViewModel.swift */ = {isa = PBXFileReference; lastKnownFileType = sourcecode.swift; path = PostsViewModel.swift; sourceTree = "<group>"; };
		2B5B637F29BEBE5C009C2F5E /* PostsRepository.swift */ = {isa = PBXFileReference; lastKnownFileType = sourcecode.swift; path = PostsRepository.swift; sourceTree = "<group>"; };
		2B5B638429C03AED009C2F5E /* LandingPage.swift */ = {isa = PBXFileReference; lastKnownFileType = sourcecode.swift; path = LandingPage.swift; sourceTree = "<group>"; };
		2B5B638729C24E18009C2F5E /* AppColor.swift */ = {isa = PBXFileReference; lastKnownFileType = sourcecode.swift; path = AppColor.swift; sourceTree = "<group>"; };
		2B5B638929C26915009C2F5E /* SignUp.swift */ = {isa = PBXFileReference; lastKnownFileType = sourcecode.swift; path = SignUp.swift; sourceTree = "<group>"; };
		2B5B638B29C27749009C2F5E /* User.swift */ = {isa = PBXFileReference; lastKnownFileType = sourcecode.swift; path = User.swift; sourceTree = "<group>"; };
		2B75268729CD7A020058C2F3 /* Home.swift */ = {isa = PBXFileReference; lastKnownFileType = sourcecode.swift; path = Home.swift; sourceTree = "<group>"; };
		2BBC7F9329C942DF00D2ADCC /* UsersViewModel.swift */ = {isa = PBXFileReference; lastKnownFileType = sourcecode.swift; path = UsersViewModel.swift; sourceTree = "<group>"; };
		2BBC7F9829C9506200D2ADCC /* UsersRepository.swift */ = {isa = PBXFileReference; lastKnownFileType = sourcecode.swift; path = UsersRepository.swift; sourceTree = "<group>"; };
		2BBC7F9B29C976C100D2ADCC /* Fetch.swift */ = {isa = PBXFileReference; lastKnownFileType = sourcecode.swift; path = Fetch.swift; sourceTree = "<group>"; };
		2BBC7FA029CACDD300D2ADCC /* AuthService.swift */ = {isa = PBXFileReference; lastKnownFileType = sourcecode.swift; path = AuthService.swift; sourceTree = "<group>"; };
		2BBC7FA229CC213E00D2ADCC /* AuthViewModel.swift */ = {isa = PBXFileReference; lastKnownFileType = sourcecode.swift; path = AuthViewModel.swift; sourceTree = "<group>"; };
		2BBC7FA629CCF68800D2ADCC /* SignIn.swift */ = {isa = PBXFileReference; lastKnownFileType = sourcecode.swift; path = SignIn.swift; sourceTree = "<group>"; };
		2BFFB7AC29B90F11006495E0 /* MyPlace.app */ = {isa = PBXFileReference; explicitFileType = wrapper.application; includeInIndex = 0; path = MyPlace.app; sourceTree = BUILT_PRODUCTS_DIR; };
		2BFFB7AF29B90F11006495E0 /* MyPlaceApp.swift */ = {isa = PBXFileReference; lastKnownFileType = sourcecode.swift; path = MyPlaceApp.swift; sourceTree = "<group>"; };
		2BFFB7B329B90F13006495E0 /* Assets.xcassets */ = {isa = PBXFileReference; lastKnownFileType = folder.assetcatalog; path = Assets.xcassets; sourceTree = "<group>"; };
		2BFFB7B629B90F13006495E0 /* Preview Assets.xcassets */ = {isa = PBXFileReference; lastKnownFileType = folder.assetcatalog; path = "Preview Assets.xcassets"; sourceTree = "<group>"; };
		2BFFB7BC29B90F13006495E0 /* MyPlaceTests.xctest */ = {isa = PBXFileReference; explicitFileType = wrapper.cfbundle; includeInIndex = 0; path = MyPlaceTests.xctest; sourceTree = BUILT_PRODUCTS_DIR; };
		2BFFB7C029B90F13006495E0 /* MyPlaceTests.swift */ = {isa = PBXFileReference; lastKnownFileType = sourcecode.swift; path = MyPlaceTests.swift; sourceTree = "<group>"; };
		2BFFB7C629B90F13006495E0 /* MyPlaceUITests.xctest */ = {isa = PBXFileReference; explicitFileType = wrapper.cfbundle; includeInIndex = 0; path = MyPlaceUITests.xctest; sourceTree = BUILT_PRODUCTS_DIR; };
		2BFFB7CA29B90F13006495E0 /* MyPlaceUITests.swift */ = {isa = PBXFileReference; lastKnownFileType = sourcecode.swift; path = MyPlaceUITests.swift; sourceTree = "<group>"; };
		2BFFB7CC29B90F13006495E0 /* MyPlaceUITestsLaunchTests.swift */ = {isa = PBXFileReference; lastKnownFileType = sourcecode.swift; path = MyPlaceUITestsLaunchTests.swift; sourceTree = "<group>"; };
		2BFFB7DC29BBFF1D006495E0 /* Post.swift */ = {isa = PBXFileReference; lastKnownFileType = sourcecode.swift; path = Post.swift; sourceTree = "<group>"; };
		2BFFB7DE29BC013F006495E0 /* Posts.swift */ = {isa = PBXFileReference; lastKnownFileType = sourcecode.swift; path = Posts.swift; sourceTree = "<group>"; };
		2BFFB7E029BC04F0006495E0 /* PostCard.swift */ = {isa = PBXFileReference; lastKnownFileType = sourcecode.swift; path = PostCard.swift; sourceTree = "<group>"; };
		2BFFB7E429BD24BC006495E0 /* NewPostForm.swift */ = {isa = PBXFileReference; lastKnownFileType = sourcecode.swift; path = NewPostForm.swift; sourceTree = "<group>"; };
/* End PBXFileReference section */

/* Begin PBXFrameworksBuildPhase section */
		2BFFB7A929B90F11006495E0 /* Frameworks */ = {
			isa = PBXFrameworksBuildPhase;
			buildActionMask = 2147483647;
			files = (
				2B3FDDF529D2AC520009D9C3 /* KeychainAccess in Frameworks */,
			);
			runOnlyForDeploymentPostprocessing = 0;
		};
		2BFFB7B929B90F13006495E0 /* Frameworks */ = {
			isa = PBXFrameworksBuildPhase;
			buildActionMask = 2147483647;
			files = (
			);
			runOnlyForDeploymentPostprocessing = 0;
		};
		2BFFB7C329B90F13006495E0 /* Frameworks */ = {
			isa = PBXFrameworksBuildPhase;
			buildActionMask = 2147483647;
			files = (
			);
			runOnlyForDeploymentPostprocessing = 0;
		};
/* End PBXFrameworksBuildPhase section */

/* Begin PBXGroup section */
		2B5B637E29BEBE2C009C2F5E /* Repositories */ = {
			isa = PBXGroup;
			children = (
				2B5B637F29BEBE5C009C2F5E /* PostsRepository.swift */,
				2BBC7F9829C9506200D2ADCC /* UsersRepository.swift */,
			);
			path = Repositories;
			sourceTree = "<group>";
		};
		2B5B638129C03676009C2F5E /* Registrations */ = {
			isa = PBXGroup;
			children = (
				2B5B638429C03AED009C2F5E /* LandingPage.swift */,
				2B5B638929C26915009C2F5E /* SignUp.swift */,
				2BBC7FA629CCF68800D2ADCC /* SignIn.swift */,
			);
			path = Registrations;
			sourceTree = "<group>";
		};
		2B5B638629C0D058009C2F5E /* Styles */ = {
			isa = PBXGroup;
			children = (
				2B5B638729C24E18009C2F5E /* AppColor.swift */,
			);
			path = Styles;
			sourceTree = "<group>";
		};
		2BBC7F9A29C976AF00D2ADCC /* Network */ = {
			isa = PBXGroup;
			children = (
				2BBC7F9B29C976C100D2ADCC /* Fetch.swift */,
			);
			path = Network;
			sourceTree = "<group>";
		};
		2BBC7F9F29CACDBD00D2ADCC /* Services */ = {
			isa = PBXGroup;
			children = (
				2BBC7FA029CACDD300D2ADCC /* AuthService.swift */,
			);
			path = Services;
			sourceTree = "<group>";
		};
		2BFFB7A329B90F11006495E0 = {
			isa = PBXGroup;
			children = (
				2BFFB7AE29B90F11006495E0 /* MyPlace */,
				2BFFB7BF29B90F13006495E0 /* MyPlaceTests */,
				2BFFB7C929B90F13006495E0 /* MyPlaceUITests */,
				2BFFB7AD29B90F11006495E0 /* Products */,
			);
			sourceTree = "<group>";
		};
		2BFFB7AD29B90F11006495E0 /* Products */ = {
			isa = PBXGroup;
			children = (
				2BFFB7AC29B90F11006495E0 /* MyPlace.app */,
				2BFFB7BC29B90F13006495E0 /* MyPlaceTests.xctest */,
				2BFFB7C629B90F13006495E0 /* MyPlaceUITests.xctest */,
			);
			name = Products;
			sourceTree = "<group>";
		};
		2BFFB7AE29B90F11006495E0 /* MyPlace */ = {
			isa = PBXGroup;
			children = (
				2BBC7F9F29CACDBD00D2ADCC /* Services */,
				2BBC7F9A29C976AF00D2ADCC /* Network */,
				2B5B638629C0D058009C2F5E /* Styles */,
				2B5B637E29BEBE2C009C2F5E /* Repositories */,
				2BFFB7DB29B92A69006495E0 /* Models */,
				2BFFB7DA29B92A61006495E0 /* ViewModels */,
				2BFFB7D929B92A54006495E0 /* Views */,
				2BFFB7AF29B90F11006495E0 /* MyPlaceApp.swift */,
				2BFFB7B329B90F13006495E0 /* Assets.xcassets */,
				2BFFB7B529B90F13006495E0 /* Preview Content */,
			);
			path = MyPlace;
			sourceTree = "<group>";
		};
		2BFFB7B529B90F13006495E0 /* Preview Content */ = {
			isa = PBXGroup;
			children = (
				2BFFB7B629B90F13006495E0 /* Preview Assets.xcassets */,
			);
			path = "Preview Content";
			sourceTree = "<group>";
		};
		2BFFB7BF29B90F13006495E0 /* MyPlaceTests */ = {
			isa = PBXGroup;
			children = (
				2BFFB7C029B90F13006495E0 /* MyPlaceTests.swift */,
			);
			path = MyPlaceTests;
			sourceTree = "<group>";
		};
		2BFFB7C929B90F13006495E0 /* MyPlaceUITests */ = {
			isa = PBXGroup;
			children = (
				2BFFB7CA29B90F13006495E0 /* MyPlaceUITests.swift */,
				2BFFB7CC29B90F13006495E0 /* MyPlaceUITestsLaunchTests.swift */,
			);
			path = MyPlaceUITests;
			sourceTree = "<group>";
		};
		2BFFB7D929B92A54006495E0 /* Views */ = {
			isa = PBXGroup;
			children = (
				2B5B638129C03676009C2F5E /* Registrations */,
				2BFFB7DE29BC013F006495E0 /* Posts.swift */,
				2BFFB7E029BC04F0006495E0 /* PostCard.swift */,
				2BFFB7E429BD24BC006495E0 /* NewPostForm.swift */,
				2B75268729CD7A020058C2F3 /* Home.swift */,
			);
			path = Views;
			sourceTree = "<group>";
		};
		2BFFB7DA29B92A61006495E0 /* ViewModels */ = {
			isa = PBXGroup;
			children = (
				2B5B637C29BEB408009C2F5E /* PostsViewModel.swift */,
				2BBC7F9329C942DF00D2ADCC /* UsersViewModel.swift */,
				2BBC7FA229CC213E00D2ADCC /* AuthViewModel.swift */,
			);
			path = ViewModels;
			sourceTree = "<group>";
		};
		2BFFB7DB29B92A69006495E0 /* Models */ = {
			isa = PBXGroup;
			children = (
				2BFFB7DC29BBFF1D006495E0 /* Post.swift */,
				2B5B638B29C27749009C2F5E /* User.swift */,
			);
			path = Models;
			sourceTree = "<group>";
		};
/* End PBXGroup section */

/* Begin PBXNativeTarget section */
		2BFFB7AB29B90F11006495E0 /* MyPlace */ = {
			isa = PBXNativeTarget;
			buildConfigurationList = 2BFFB7D029B90F13006495E0 /* Build configuration list for PBXNativeTarget "MyPlace" */;
			buildPhases = (
				2BFFB7A829B90F11006495E0 /* Sources */,
				2BFFB7A929B90F11006495E0 /* Frameworks */,
				2BFFB7AA29B90F11006495E0 /* Resources */,
			);
			buildRules = (
			);
			dependencies = (
			);
			name = MyPlace;
			packageProductDependencies = (
				2B3FDDF429D2AC520009D9C3 /* KeychainAccess */,
			);
			productName = MyPlace;
			productReference = 2BFFB7AC29B90F11006495E0 /* MyPlace.app */;
			productType = "com.apple.product-type.application";
		};
		2BFFB7BB29B90F13006495E0 /* MyPlaceTests */ = {
			isa = PBXNativeTarget;
			buildConfigurationList = 2BFFB7D329B90F13006495E0 /* Build configuration list for PBXNativeTarget "MyPlaceTests" */;
			buildPhases = (
				2BFFB7B829B90F13006495E0 /* Sources */,
				2BFFB7B929B90F13006495E0 /* Frameworks */,
				2BFFB7BA29B90F13006495E0 /* Resources */,
			);
			buildRules = (
			);
			dependencies = (
				2BFFB7BE29B90F13006495E0 /* PBXTargetDependency */,
			);
			name = MyPlaceTests;
			productName = MyPlaceTests;
			productReference = 2BFFB7BC29B90F13006495E0 /* MyPlaceTests.xctest */;
			productType = "com.apple.product-type.bundle.unit-test";
		};
		2BFFB7C529B90F13006495E0 /* MyPlaceUITests */ = {
			isa = PBXNativeTarget;
			buildConfigurationList = 2BFFB7D629B90F13006495E0 /* Build configuration list for PBXNativeTarget "MyPlaceUITests" */;
			buildPhases = (
				2BFFB7C229B90F13006495E0 /* Sources */,
				2BFFB7C329B90F13006495E0 /* Frameworks */,
				2BFFB7C429B90F13006495E0 /* Resources */,
			);
			buildRules = (
			);
			dependencies = (
				2BFFB7C829B90F13006495E0 /* PBXTargetDependency */,
			);
			name = MyPlaceUITests;
			productName = MyPlaceUITests;
			productReference = 2BFFB7C629B90F13006495E0 /* MyPlaceUITests.xctest */;
			productType = "com.apple.product-type.bundle.ui-testing";
		};
/* End PBXNativeTarget section */

/* Begin PBXProject section */
		2BFFB7A429B90F11006495E0 /* Project object */ = {
			isa = PBXProject;
			attributes = {
				BuildIndependentTargetsInParallel = 1;
				LastSwiftUpdateCheck = 1400;
				LastUpgradeCheck = 1400;
				TargetAttributes = {
					2BFFB7AB29B90F11006495E0 = {
						CreatedOnToolsVersion = 14.0.1;
					};
					2BFFB7BB29B90F13006495E0 = {
						CreatedOnToolsVersion = 14.0.1;
						TestTargetID = 2BFFB7AB29B90F11006495E0;
					};
					2BFFB7C529B90F13006495E0 = {
						CreatedOnToolsVersion = 14.0.1;
						TestTargetID = 2BFFB7AB29B90F11006495E0;
					};
				};
			};
			buildConfigurationList = 2BFFB7A729B90F11006495E0 /* Build configuration list for PBXProject "MyPlace" */;
			compatibilityVersion = "Xcode 14.0";
			developmentRegion = en;
			hasScannedForEncodings = 0;
			knownRegions = (
				en,
				Base,
			);
			mainGroup = 2BFFB7A329B90F11006495E0;
			packageReferences = (
				2B3FDDF329D2AC520009D9C3 /* XCRemoteSwiftPackageReference "KeychainAccess" */,
			);
			productRefGroup = 2BFFB7AD29B90F11006495E0 /* Products */;
			projectDirPath = "";
			projectRoot = "";
			targets = (
				2BFFB7AB29B90F11006495E0 /* MyPlace */,
				2BFFB7BB29B90F13006495E0 /* MyPlaceTests */,
				2BFFB7C529B90F13006495E0 /* MyPlaceUITests */,
			);
		};
/* End PBXProject section */

/* Begin PBXResourcesBuildPhase section */
		2BFFB7AA29B90F11006495E0 /* Resources */ = {
			isa = PBXResourcesBuildPhase;
			buildActionMask = 2147483647;
			files = (
				2BFFB7B729B90F13006495E0 /* Preview Assets.xcassets in Resources */,
				2BFFB7B429B90F13006495E0 /* Assets.xcassets in Resources */,
			);
			runOnlyForDeploymentPostprocessing = 0;
		};
		2BFFB7BA29B90F13006495E0 /* Resources */ = {
			isa = PBXResourcesBuildPhase;
			buildActionMask = 2147483647;
			files = (
			);
			runOnlyForDeploymentPostprocessing = 0;
		};
		2BFFB7C429B90F13006495E0 /* Resources */ = {
			isa = PBXResourcesBuildPhase;
			buildActionMask = 2147483647;
			files = (
			);
			runOnlyForDeploymentPostprocessing = 0;
		};
/* End PBXResourcesBuildPhase section */

/* Begin PBXSourcesBuildPhase section */
		2BFFB7A829B90F11006495E0 /* Sources */ = {
			isa = PBXSourcesBuildPhase;
			buildActionMask = 2147483647;
			files = (
				2BFFB7DD29BBFF1D006495E0 /* Post.swift in Sources */,
				2BBC7FA729CCF68800D2ADCC /* SignIn.swift in Sources */,
				2BFFB7E129BC04F1006495E0 /* PostCard.swift in Sources */,
				2BBC7F9429C942DF00D2ADCC /* UsersViewModel.swift in Sources */,
				2B75268829CD7A030058C2F3 /* Home.swift in Sources */,
				2B5B638029BEBE5C009C2F5E /* PostsRepository.swift in Sources */,
				2B5B637D29BEB408009C2F5E /* PostsViewModel.swift in Sources */,
				2BFFB7B029B90F11006495E0 /* MyPlaceApp.swift in Sources */,
				2B5B638529C03AED009C2F5E /* LandingPage.swift in Sources */,
				2BFFB7DF29BC013F006495E0 /* Posts.swift in Sources */,
				2BBC7F9929C9506200D2ADCC /* UsersRepository.swift in Sources */,
				2BFFB7E529BD24BC006495E0 /* NewPostForm.swift in Sources */,
				2BBC7F9C29C976C100D2ADCC /* Fetch.swift in Sources */,
				2B5B638829C24E18009C2F5E /* AppColor.swift in Sources */,
				2BBC7FA329CC213E00D2ADCC /* AuthViewModel.swift in Sources */,
				2BBC7FA129CACDD300D2ADCC /* AuthService.swift in Sources */,
				2B5B638A29C26915009C2F5E /* SignUp.swift in Sources */,
				2B5B638C29C27749009C2F5E /* User.swift in Sources */,
			);
			runOnlyForDeploymentPostprocessing = 0;
		};
		2BFFB7B829B90F13006495E0 /* Sources */ = {
			isa = PBXSourcesBuildPhase;
			buildActionMask = 2147483647;
			files = (
				2BFFB7C129B90F13006495E0 /* MyPlaceTests.swift in Sources */,
			);
			runOnlyForDeploymentPostprocessing = 0;
		};
		2BFFB7C229B90F13006495E0 /* Sources */ = {
			isa = PBXSourcesBuildPhase;
			buildActionMask = 2147483647;
			files = (
				2BFFB7CD29B90F13006495E0 /* MyPlaceUITestsLaunchTests.swift in Sources */,
				2BFFB7CB29B90F13006495E0 /* MyPlaceUITests.swift in Sources */,
			);
			runOnlyForDeploymentPostprocessing = 0;
		};
/* End PBXSourcesBuildPhase section */

/* Begin PBXTargetDependency section */
		2BFFB7BE29B90F13006495E0 /* PBXTargetDependency */ = {
			isa = PBXTargetDependency;
			target = 2BFFB7AB29B90F11006495E0 /* MyPlace */;
			targetProxy = 2BFFB7BD29B90F13006495E0 /* PBXContainerItemProxy */;
		};
		2BFFB7C829B90F13006495E0 /* PBXTargetDependency */ = {
			isa = PBXTargetDependency;
			target = 2BFFB7AB29B90F11006495E0 /* MyPlace */;
			targetProxy = 2BFFB7C729B90F13006495E0 /* PBXContainerItemProxy */;
		};
/* End PBXTargetDependency section */

/* Begin XCBuildConfiguration section */
		2BFFB7CE29B90F13006495E0 /* Debug */ = {
			isa = XCBuildConfiguration;
			buildSettings = {
				ALWAYS_SEARCH_USER_PATHS = NO;
				CLANG_ANALYZER_NONNULL = YES;
				CLANG_ANALYZER_NUMBER_OBJECT_CONVERSION = YES_AGGRESSIVE;
				CLANG_CXX_LANGUAGE_STANDARD = "gnu++20";
				CLANG_ENABLE_MODULES = YES;
				CLANG_ENABLE_OBJC_ARC = YES;
				CLANG_ENABLE_OBJC_WEAK = YES;
				CLANG_WARN_BLOCK_CAPTURE_AUTORELEASING = YES;
				CLANG_WARN_BOOL_CONVERSION = YES;
				CLANG_WARN_COMMA = YES;
				CLANG_WARN_CONSTANT_CONVERSION = YES;
				CLANG_WARN_DEPRECATED_OBJC_IMPLEMENTATIONS = YES;
				CLANG_WARN_DIRECT_OBJC_ISA_USAGE = YES_ERROR;
				CLANG_WARN_DOCUMENTATION_COMMENTS = YES;
				CLANG_WARN_EMPTY_BODY = YES;
				CLANG_WARN_ENUM_CONVERSION = YES;
				CLANG_WARN_INFINITE_RECURSION = YES;
				CLANG_WARN_INT_CONVERSION = YES;
				CLANG_WARN_NON_LITERAL_NULL_CONVERSION = YES;
				CLANG_WARN_OBJC_IMPLICIT_RETAIN_SELF = YES;
				CLANG_WARN_OBJC_LITERAL_CONVERSION = YES;
				CLANG_WARN_OBJC_ROOT_CLASS = YES_ERROR;
				CLANG_WARN_QUOTED_INCLUDE_IN_FRAMEWORK_HEADER = YES;
				CLANG_WARN_RANGE_LOOP_ANALYSIS = YES;
				CLANG_WARN_STRICT_PROTOTYPES = YES;
				CLANG_WARN_SUSPICIOUS_MOVE = YES;
				CLANG_WARN_UNGUARDED_AVAILABILITY = YES_AGGRESSIVE;
				CLANG_WARN_UNREACHABLE_CODE = YES;
				CLANG_WARN__DUPLICATE_METHOD_MATCH = YES;
				COPY_PHASE_STRIP = NO;
				DEBUG_INFORMATION_FORMAT = dwarf;
				ENABLE_STRICT_OBJC_MSGSEND = YES;
				ENABLE_TESTABILITY = YES;
				GCC_C_LANGUAGE_STANDARD = gnu11;
				GCC_DYNAMIC_NO_PIC = NO;
				GCC_NO_COMMON_BLOCKS = YES;
				GCC_OPTIMIZATION_LEVEL = 0;
				GCC_PREPROCESSOR_DEFINITIONS = (
					"DEBUG=1",
					"$(inherited)",
				);
				GCC_WARN_64_TO_32_BIT_CONVERSION = YES;
				GCC_WARN_ABOUT_RETURN_TYPE = YES_ERROR;
				GCC_WARN_UNDECLARED_SELECTOR = YES;
				GCC_WARN_UNINITIALIZED_AUTOS = YES_AGGRESSIVE;
				GCC_WARN_UNUSED_FUNCTION = YES;
				GCC_WARN_UNUSED_VARIABLE = YES;
				IPHONEOS_DEPLOYMENT_TARGET = 16.0;
				MTL_ENABLE_DEBUG_INFO = INCLUDE_SOURCE;
				MTL_FAST_MATH = YES;
				ONLY_ACTIVE_ARCH = YES;
				SDKROOT = iphoneos;
				SWIFT_ACTIVE_COMPILATION_CONDITIONS = DEBUG;
				SWIFT_OPTIMIZATION_LEVEL = "-Onone";
			};
			name = Debug;
		};
		2BFFB7CF29B90F13006495E0 /* Release */ = {
			isa = XCBuildConfiguration;
			buildSettings = {
				ALWAYS_SEARCH_USER_PATHS = NO;
				CLANG_ANALYZER_NONNULL = YES;
				CLANG_ANALYZER_NUMBER_OBJECT_CONVERSION = YES_AGGRESSIVE;
				CLANG_CXX_LANGUAGE_STANDARD = "gnu++20";
				CLANG_ENABLE_MODULES = YES;
				CLANG_ENABLE_OBJC_ARC = YES;
				CLANG_ENABLE_OBJC_WEAK = YES;
				CLANG_WARN_BLOCK_CAPTURE_AUTORELEASING = YES;
				CLANG_WARN_BOOL_CONVERSION = YES;
				CLANG_WARN_COMMA = YES;
				CLANG_WARN_CONSTANT_CONVERSION = YES;
				CLANG_WARN_DEPRECATED_OBJC_IMPLEMENTATIONS = YES;
				CLANG_WARN_DIRECT_OBJC_ISA_USAGE = YES_ERROR;
				CLANG_WARN_DOCUMENTATION_COMMENTS = YES;
				CLANG_WARN_EMPTY_BODY = YES;
				CLANG_WARN_ENUM_CONVERSION = YES;
				CLANG_WARN_INFINITE_RECURSION = YES;
				CLANG_WARN_INT_CONVERSION = YES;
				CLANG_WARN_NON_LITERAL_NULL_CONVERSION = YES;
				CLANG_WARN_OBJC_IMPLICIT_RETAIN_SELF = YES;
				CLANG_WARN_OBJC_LITERAL_CONVERSION = YES;
				CLANG_WARN_OBJC_ROOT_CLASS = YES_ERROR;
				CLANG_WARN_QUOTED_INCLUDE_IN_FRAMEWORK_HEADER = YES;
				CLANG_WARN_RANGE_LOOP_ANALYSIS = YES;
				CLANG_WARN_STRICT_PROTOTYPES = YES;
				CLANG_WARN_SUSPICIOUS_MOVE = YES;
				CLANG_WARN_UNGUARDED_AVAILABILITY = YES_AGGRESSIVE;
				CLANG_WARN_UNREACHABLE_CODE = YES;
				CLANG_WARN__DUPLICATE_METHOD_MATCH = YES;
				COPY_PHASE_STRIP = NO;
				DEBUG_INFORMATION_FORMAT = "dwarf-with-dsym";
				ENABLE_NS_ASSERTIONS = NO;
				ENABLE_STRICT_OBJC_MSGSEND = YES;
				GCC_C_LANGUAGE_STANDARD = gnu11;
				GCC_NO_COMMON_BLOCKS = YES;
				GCC_WARN_64_TO_32_BIT_CONVERSION = YES;
				GCC_WARN_ABOUT_RETURN_TYPE = YES_ERROR;
				GCC_WARN_UNDECLARED_SELECTOR = YES;
				GCC_WARN_UNINITIALIZED_AUTOS = YES_AGGRESSIVE;
				GCC_WARN_UNUSED_FUNCTION = YES;
				GCC_WARN_UNUSED_VARIABLE = YES;
				IPHONEOS_DEPLOYMENT_TARGET = 16.0;
				MTL_ENABLE_DEBUG_INFO = NO;
				MTL_FAST_MATH = YES;
				SDKROOT = iphoneos;
				SWIFT_COMPILATION_MODE = wholemodule;
				SWIFT_OPTIMIZATION_LEVEL = "-O";
				VALIDATE_PRODUCT = YES;
			};
			name = Release;
		};
		2BFFB7D129B90F13006495E0 /* Debug */ = {
			isa = XCBuildConfiguration;
			buildSettings = {
				ASSETCATALOG_COMPILER_APPICON_NAME = AppIcon;
				ASSETCATALOG_COMPILER_GLOBAL_ACCENT_COLOR_NAME = AccentColor;
				CODE_SIGN_STYLE = Automatic;
				CURRENT_PROJECT_VERSION = 1;
				DEVELOPMENT_ASSET_PATHS = "\"MyPlace/Preview Content\"";
				DEVELOPMENT_TEAM = 4AF82MN9DS;
				ENABLE_PREVIEWS = YES;
				GENERATE_INFOPLIST_FILE = YES;
				INFOPLIST_KEY_CFBundleDisplayName = MyPlace;
				INFOPLIST_KEY_LSApplicationCategoryType = "public.app-category.social-networking";
				INFOPLIST_KEY_UIApplicationSceneManifest_Generation = YES;
				INFOPLIST_KEY_UIApplicationSupportsIndirectInputEvents = YES;
				INFOPLIST_KEY_UILaunchScreen_Generation = YES;
				INFOPLIST_KEY_UISupportedInterfaceOrientations = "UIInterfaceOrientationLandscapeLeft UIInterfaceOrientationLandscapeRight UIInterfaceOrientationPortrait";
				INFOPLIST_KEY_UISupportedInterfaceOrientations_iPad = "UIInterfaceOrientationLandscapeLeft UIInterfaceOrientationLandscapeRight UIInterfaceOrientationPortrait UIInterfaceOrientationPortraitUpsideDown";
				IPHONEOS_DEPLOYMENT_TARGET = 15.0;
				LD_RUNPATH_SEARCH_PATHS = (
					"$(inherited)",
					"@executable_path/Frameworks",
				);
				MARKETING_VERSION = 1.0;
				PRODUCT_BUNDLE_IDENTIFIER = com.julian.MyPlace;
				PRODUCT_NAME = "$(TARGET_NAME)";
				SWIFT_EMIT_LOC_STRINGS = YES;
				SWIFT_VERSION = 5.0;
				TARGETED_DEVICE_FAMILY = "1,2";
			};
			name = Debug;
		};
		2BFFB7D229B90F13006495E0 /* Release */ = {
			isa = XCBuildConfiguration;
			buildSettings = {
				ASSETCATALOG_COMPILER_APPICON_NAME = AppIcon;
				ASSETCATALOG_COMPILER_GLOBAL_ACCENT_COLOR_NAME = AccentColor;
				CODE_SIGN_STYLE = Automatic;
				CURRENT_PROJECT_VERSION = 1;
				DEVELOPMENT_ASSET_PATHS = "\"MyPlace/Preview Content\"";
				DEVELOPMENT_TEAM = 4AF82MN9DS;
				ENABLE_PREVIEWS = YES;
				GENERATE_INFOPLIST_FILE = YES;
				INFOPLIST_KEY_CFBundleDisplayName = MyPlace;
				INFOPLIST_KEY_LSApplicationCategoryType = "public.app-category.social-networking";
				INFOPLIST_KEY_UIApplicationSceneManifest_Generation = YES;
				INFOPLIST_KEY_UIApplicationSupportsIndirectInputEvents = YES;
				INFOPLIST_KEY_UILaunchScreen_Generation = YES;
				INFOPLIST_KEY_UISupportedInterfaceOrientations = "UIInterfaceOrientationLandscapeLeft UIInterfaceOrientationLandscapeRight UIInterfaceOrientationPortrait";
				INFOPLIST_KEY_UISupportedInterfaceOrientations_iPad = "UIInterfaceOrientationLandscapeLeft UIInterfaceOrientationLandscapeRight UIInterfaceOrientationPortrait UIInterfaceOrientationPortraitUpsideDown";
				IPHONEOS_DEPLOYMENT_TARGET = 15.0;
				LD_RUNPATH_SEARCH_PATHS = (
					"$(inherited)",
					"@executable_path/Frameworks",
				);
				MARKETING_VERSION = 1.0;
				PRODUCT_BUNDLE_IDENTIFIER = com.julian.MyPlace;
				PRODUCT_NAME = "$(TARGET_NAME)";
				SWIFT_EMIT_LOC_STRINGS = YES;
				SWIFT_VERSION = 5.0;
				TARGETED_DEVICE_FAMILY = "1,2";
			};
			name = Release;
		};
		2BFFB7D429B90F13006495E0 /* Debug */ = {
			isa = XCBuildConfiguration;
			buildSettings = {
				ALWAYS_EMBED_SWIFT_STANDARD_LIBRARIES = YES;
				BUNDLE_LOADER = "$(TEST_HOST)";
				CODE_SIGN_STYLE = Automatic;
				CURRENT_PROJECT_VERSION = 1;
				DEVELOPMENT_TEAM = 4AF82MN9DS;
				GENERATE_INFOPLIST_FILE = YES;
				IPHONEOS_DEPLOYMENT_TARGET = 16.0;
				MARKETING_VERSION = 1.0;
				PRODUCT_BUNDLE_IDENTIFIER = com.julian.MyPlaceTests;
				PRODUCT_NAME = "$(TARGET_NAME)";
				SWIFT_EMIT_LOC_STRINGS = NO;
				SWIFT_VERSION = 5.0;
				TARGETED_DEVICE_FAMILY = "1,2";
				TEST_HOST = "$(BUILT_PRODUCTS_DIR)/MyPlace.app/$(BUNDLE_EXECUTABLE_FOLDER_PATH)/MyPlace";
			};
			name = Debug;
		};
		2BFFB7D529B90F13006495E0 /* Release */ = {
			isa = XCBuildConfiguration;
			buildSettings = {
				ALWAYS_EMBED_SWIFT_STANDARD_LIBRARIES = YES;
				BUNDLE_LOADER = "$(TEST_HOST)";
				CODE_SIGN_STYLE = Automatic;
				CURRENT_PROJECT_VERSION = 1;
				DEVELOPMENT_TEAM = 4AF82MN9DS;
				GENERATE_INFOPLIST_FILE = YES;
				IPHONEOS_DEPLOYMENT_TARGET = 16.0;
				MARKETING_VERSION = 1.0;
				PRODUCT_BUNDLE_IDENTIFIER = com.julian.MyPlaceTests;
				PRODUCT_NAME = "$(TARGET_NAME)";
				SWIFT_EMIT_LOC_STRINGS = NO;
				SWIFT_VERSION = 5.0;
				TARGETED_DEVICE_FAMILY = "1,2";
				TEST_HOST = "$(BUILT_PRODUCTS_DIR)/MyPlace.app/$(BUNDLE_EXECUTABLE_FOLDER_PATH)/MyPlace";
			};
			name = Release;
		};
		2BFFB7D729B90F13006495E0 /* Debug */ = {
			isa = XCBuildConfiguration;
			buildSettings = {
				ALWAYS_EMBED_SWIFT_STANDARD_LIBRARIES = YES;
				CODE_SIGN_STYLE = Automatic;
				CURRENT_PROJECT_VERSION = 1;
				DEVELOPMENT_TEAM = 4AF82MN9DS;
				GENERATE_INFOPLIST_FILE = YES;
				MARKETING_VERSION = 1.0;
				PRODUCT_BUNDLE_IDENTIFIER = com.julian.MyPlaceUITests;
				PRODUCT_NAME = "$(TARGET_NAME)";
				SWIFT_EMIT_LOC_STRINGS = NO;
				SWIFT_VERSION = 5.0;
				TARGETED_DEVICE_FAMILY = "1,2";
				TEST_TARGET_NAME = MyPlace;
			};
			name = Debug;
		};
		2BFFB7D829B90F13006495E0 /* Release */ = {
			isa = XCBuildConfiguration;
			buildSettings = {
				ALWAYS_EMBED_SWIFT_STANDARD_LIBRARIES = YES;
				CODE_SIGN_STYLE = Automatic;
				CURRENT_PROJECT_VERSION = 1;
				DEVELOPMENT_TEAM = 4AF82MN9DS;
				GENERATE_INFOPLIST_FILE = YES;
				MARKETING_VERSION = 1.0;
				PRODUCT_BUNDLE_IDENTIFIER = com.julian.MyPlaceUITests;
				PRODUCT_NAME = "$(TARGET_NAME)";
				SWIFT_EMIT_LOC_STRINGS = NO;
				SWIFT_VERSION = 5.0;
				TARGETED_DEVICE_FAMILY = "1,2";
				TEST_TARGET_NAME = MyPlace;
			};
			name = Release;
		};
/* End XCBuildConfiguration section */

/* Begin XCConfigurationList section */
		2BFFB7A729B90F11006495E0 /* Build configuration list for PBXProject "MyPlace" */ = {
			isa = XCConfigurationList;
			buildConfigurations = (
				2BFFB7CE29B90F13006495E0 /* Debug */,
				2BFFB7CF29B90F13006495E0 /* Release */,
			);
			defaultConfigurationIsVisible = 0;
			defaultConfigurationName = Release;
		};
		2BFFB7D029B90F13006495E0 /* Build configuration list for PBXNativeTarget "MyPlace" */ = {
			isa = XCConfigurationList;
			buildConfigurations = (
				2BFFB7D129B90F13006495E0 /* Debug */,
				2BFFB7D229B90F13006495E0 /* Release */,
			);
			defaultConfigurationIsVisible = 0;
			defaultConfigurationName = Release;
		};
		2BFFB7D329B90F13006495E0 /* Build configuration list for PBXNativeTarget "MyPlaceTests" */ = {
			isa = XCConfigurationList;
			buildConfigurations = (
				2BFFB7D429B90F13006495E0 /* Debug */,
				2BFFB7D529B90F13006495E0 /* Release */,
			);
			defaultConfigurationIsVisible = 0;
			defaultConfigurationName = Release;
		};
		2BFFB7D629B90F13006495E0 /* Build configuration list for PBXNativeTarget "MyPlaceUITests" */ = {
			isa = XCConfigurationList;
			buildConfigurations = (
				2BFFB7D729B90F13006495E0 /* Debug */,
				2BFFB7D829B90F13006495E0 /* Release */,
			);
			defaultConfigurationIsVisible = 0;
			defaultConfigurationName = Release;
		};
/* End XCConfigurationList section */

/* Begin XCRemoteSwiftPackageReference section */
		2B3FDDF329D2AC520009D9C3 /* XCRemoteSwiftPackageReference "KeychainAccess" */ = {
			isa = XCRemoteSwiftPackageReference;
			repositoryURL = "https://github.com/kishikawakatsumi/KeychainAccess.git";
			requirement = {
				branch = master;
				kind = branch;
			};
		};
/* End XCRemoteSwiftPackageReference section */

/* Begin XCSwiftPackageProductDependency section */
		2B3FDDF429D2AC520009D9C3 /* KeychainAccess */ = {
			isa = XCSwiftPackageProductDependency;
			package = 2B3FDDF329D2AC520009D9C3 /* XCRemoteSwiftPackageReference "KeychainAccess" */;
			productName = KeychainAccess;
		};
/* End XCSwiftPackageProductDependency section */
	};
	rootObject = 2BFFB7A429B90F11006495E0 /* Project object */;
}
